
Microsoft Visual Studio Solution File, Format Version 12.00
# Visual Studio 14
VisualStudioVersion = 14.0.25420.1
MinimumVisualStudioVersion = 10.0.40219.1
Project("{FAE04EC0-301F-11D3-BF4B-00C04F79EFBC}") = "CricBook.Web", "CricBook\CricBook.Web.csproj", "{34ED5EE8-A26D-4D53-AEF8-DFDBA7EA4524}"
EndProject
Project("{FAE04EC0-301F-11D3-BF4B-00C04F79EFBC}") = "CricBook.Domain", "CricBook.Domain\CricBook.Domain.csproj", "{F9BF3B2F-EF88-46A7-AE35-DA19D5A0A894}"
EndProject
Project("{FAE04EC0-301F-11D3-BF4B-00C04F79EFBC}") = "CricBook.Data", "CricBook.Data\CricBook.Data.csproj", "{C48B1D91-9EC6-4AB6-A4CB-D301AC8CF317}"
EndProject
Project("{FAE04EC0-301F-11D3-BF4B-00C04F79EFBC}") = "CricBook.Api", "CricBook.Api\CricBook.Api.csproj", "{6A78F97A-04B5-4CF7-9ACC-F3D4461B97A6}"
EndProject
Project("{FAE04EC0-301F-11D3-BF4B-00C04F79EFBC}") = "CricBook.Api.Tests", "CricBook.Api.Tests\CricBook.Api.Tests.csproj", "{8D30354D-FBBF-4FB2-BC53-BF0A2A82F0DF}"
EndProject
Project("{FAE04EC0-301F-11D3-BF4B-00C04F79EFBC}") = "CrickBook.UI", "CrickBook.UI\CrickBook.UI.csproj", "{A9C917F4-D1C3-46D2-A6D4-13904FE91810}"
EndProject
Project("{FAE04EC0-301F-11D3-BF4B-00C04F79EFBC}") = "CrickBook.UI.Tests", "CrickBook.UI.Tests\CrickBook.UI.Tests.csproj", "{1D14C803-858A-4063-8C33-615BE046E2DB}"
EndProject
Global
	GlobalSection(SolutionConfigurationPlatforms) = preSolution
		Debug|Any CPU = Debug|Any CPU
		Release|Any CPU = Release|Any CPU
	EndGlobalSection
	GlobalSection(ProjectConfigurationPlatforms) = postSolution
		{34ED5EE8-A26D-4D53-AEF8-DFDBA7EA4524}.Debug|Any CPU.ActiveCfg = Debug|Any CPU
		{34ED5EE8-A26D-4D53-AEF8-DFDBA7EA4524}.Debug|Any CPU.Build.0 = Debug|Any CPU
		{34ED5EE8-A26D-4D53-AEF8-DFDBA7EA4524}.Release|Any CPU.ActiveCfg = Release|Any CPU
		{34ED5EE8-A26D-4D53-AEF8-DFDBA7EA4524}.Release|Any CPU.Build.0 = Release|Any CPU
		{F9BF3B2F-EF88-46A7-AE35-DA19D5A0A894}.Debug|Any CPU.ActiveCfg = Debug|Any CPU
		{F9BF3B2F-EF88-46A7-AE35-DA19D5A0A894}.Debug|Any CPU.Build.0 = Debug|Any CPU
		{F9BF3B2F-EF88-46A7-AE35-DA19D5A0A894}.Release|Any CPU.ActiveCfg = Release|Any CPU
		{F9BF3B2F-EF88-46A7-AE35-DA19D5A0A894}.Release|Any CPU.Build.0 = Release|Any CPU
		{C48B1D91-9EC6-4AB6-A4CB-D301AC8CF317}.Debug|Any CPU.ActiveCfg = Debug|Any CPU
		{C48B1D91-9EC6-4AB6-A4CB-D301AC8CF317}.Debug|Any CPU.Build.0 = Debug|Any CPU
		{C48B1D91-9EC6-4AB6-A4CB-D301AC8CF317}.Release|Any CPU.ActiveCfg = Release|Any CPU
		{C48B1D91-9EC6-4AB6-A4CB-D301AC8CF317}.Release|Any CPU.Build.0 = Release|Any CPU
		{6A78F97A-04B5-4CF7-9ACC-F3D4461B97A6}.Debug|Any CPU.ActiveCfg = Debug|Any CPU
		{6A78F97A-04B5-4CF7-9ACC-F3D4461B97A6}.Debug|Any CPU.Build.0 = Debug|Any CPU
		{6A78F97A-04B5-4CF7-9ACC-F3D4461B97A6}.Release|Any CPU.ActiveCfg = Release|Any CPU
		{6A78F97A-04B5-4CF7-9ACC-F3D4461B97A6}.Release|Any CPU.Build.0 = Release|Any CPU
		{8D30354D-FBBF-4FB2-BC53-BF0A2A82F0DF}.Debug|Any CPU.ActiveCfg = Debug|Any CPU
		{8D30354D-FBBF-4FB2-BC53-BF0A2A82F0DF}.Debug|Any CPU.Build.0 = Debug|Any CPU
		{8D30354D-FBBF-4FB2-BC53-BF0A2A82F0DF}.Release|Any CPU.ActiveCfg = Release|Any CPU
		{8D30354D-FBBF-4FB2-BC53-BF0A2A82F0DF}.Release|Any CPU.Build.0 = Release|Any CPU
		{A9C917F4-D1C3-46D2-A6D4-13904FE91810}.Debug|Any CPU.ActiveCfg = Debug|Any CPU
		{A9C917F4-D1C3-46D2-A6D4-13904FE91810}.Debug|Any CPU.Build.0 = Debug|Any CPU
		{A9C917F4-D1C3-46D2-A6D4-13904FE91810}.Release|Any CPU.ActiveCfg = Release|Any CPU
		{A9C917F4-D1C3-46D2-A6D4-13904FE91810}.Release|Any CPU.Build.0 = Release|Any CPU
		{1D14C803-858A-4063-8C33-615BE046E2DB}.Debug|Any CPU.ActiveCfg = Debug|Any CPU
		{1D14C803-858A-4063-8C33-615BE046E2DB}.Debug|Any CPU.Build.0 = Debug|Any CPU
		{1D14C803-858A-4063-8C33-615BE046E2DB}.Release|Any CPU.ActiveCfg = Release|Any CPU
		{1D14C803-858A-4063-8C33-615BE046E2DB}.Release|Any CPU.Build.0 = Release|Any CPU
	EndGlobalSection
	GlobalSection(SolutionProperties) = preSolution
		HideSolutionNode = FALSE
	EndGlobalSection
EndGlobal
